
Microsoft Visual Studio Solution File, Format Version 12.00
# Visual Studio 15
VisualStudioVersion = 15.0.27428.2037
MinimumVisualStudioVersion = 10.0.40219.1
Project("{FAE04EC0-301F-11D3-BF4B-00C04F79EFBC}") = "AccessModifiers_more_in_depth", "AccessModifiers_more_in_depth\AccessModifiers_more_in_depth.csproj", "{D9806EFE-4169-4F6C-9165-6BED3157DF3A}"
EndProject
Global
	GlobalSection(SolutionConfigurationPlatforms) = preSolution
		Debug|Any CPU = Debug|Any CPU
		Release|Any CPU = Release|Any CPU
	EndGlobalSection
	GlobalSection(ProjectConfigurationPlatforms) = postSolution
		{D9806EFE-4169-4F6C-9165-6BED3157DF3A}.Debug|Any CPU.ActiveCfg = Debug|Any CPU
		{D9806EFE-4169-4F6C-9165-6BED3157DF3A}.Debug|Any CPU.Build.0 = Debug|Any CPU
		{D9806EFE-4169-4F6C-9165-6BED3157DF3A}.Release|Any CPU.ActiveCfg = Release|Any CPU
		{D9806EFE-4169-4F6C-9165-6BED3157DF3A}.Release|Any CPU.Build.0 = Release|Any CPU
	EndGlobalSection
	GlobalSection(SolutionProperties) = preSolution
		HideSolutionNode = FALSE
	EndGlobalSection
	GlobalSection(ExtensibilityGlobals) = postSolution
		SolutionGuid = {4ED93E52-9F86-4DD6-BF49-C6AA6B841070}
	EndGlobalSection
EndGlobal
